PODS:
  - MBProgressHUD (1.0.0)
  - SWExtension (1.5.5):
    - MBProgressHUD
    - SWExtension/Foundation (= 1.5.5)
    - SWExtension/UIKit (= 1.5.5)
  - SWExtension/Foundation (1.5.5):
    - MBProgressHUD
  - SWExtension/UIKit (1.5.5):
    - MBProgressHUD

DEPENDENCIES:
  - MBProgressHUD
  - SWExtension (from `./`)

SPEC REPOS:
  https://github.com/cocoapods/specs.git:
    - MBProgressHUD

EXTERNAL SOURCES:
  SWExtension:
    :path: "./"

SPEC CHECKSUMS:
  MBProgressHUD: 4890f671c94e8a0f3cf959aa731e9de2f036d71a
  SWExtension: d7ba917f032ceb3d5856592937135edcacb58367

PODFILE CHECKSUM: 77adf7fab7464977a739aa4b0ad61bb6999b9957

COCOAPODS: 1.5.3
