// !$*UTF8*$!
{
	archiveVersion = 1;
	classes = {
	};
	objectVersion = 46;
	objects = {

/* Begin PBXBuildFile section */
		24077A7031FD7AD0902F6478 /* libPods-SWExtension.a in Frameworks */ = {isa = PBXBuildFile; fileRef = 5EE19804DAD5498F292A0FA0 /* libPods-SWExtension.a */; };
		36071C3E239662C700E46076 /* SingletonTestViewController.m in Sources */ = {isa = PBXBuildFile; fileRef = 36071C3D239662C700E46076 /* SingletonTestViewController.m */; };
		36071C42239662EC00E46076 /* MyUtil.m in Sources */ = {isa = PBXBuildFile; fileRef = 36071C41239662EC00E46076 /* MyUtil.m */; };
		364FF88E20C6782600677C0A /* ArrayAndDictionaryChineseOutputController.m in Sources */ = {isa = PBXBuildFile; fileRef = 364FF88D20C6782600677C0A /* ArrayAndDictionaryChineseOutputController.m */; };
		3657F1BE20C521A2006492FD /* MainTableViewController.m in Sources */ = {isa = PBXBuildFile; fileRef = 3657F1BD20C521A2006492FD /* MainTableViewController.m */; };
		3657F1C620C52C8F006492FD /* ImagePickerController.m in Sources */ = {isa = PBXBuildFile; fileRef = 3657F1C520C52C8F006492FD /* ImagePickerController.m */; };
		3657F1C820C52D00006492FD /* ImagePickerController.xib in Resources */ = {isa = PBXBuildFile; fileRef = 3657F1C720C52D00006492FD /* ImagePickerController.xib */; };
		369B7AA51E9B7A6C00F99CB3 /* main.m in Sources */ = {isa = PBXBuildFile; fileRef = 369B7AA41E9B7A6C00F99CB3 /* main.m */; };
		369B7AA81E9B7A6C00F99CB3 /* AppDelegate.m in Sources */ = {isa = PBXBuildFile; fileRef = 369B7AA71E9B7A6C00F99CB3 /* AppDelegate.m */; };
		369B7AAE1E9B7A6C00F99CB3 /* Main.storyboard in Resources */ = {isa = PBXBuildFile; fileRef = 369B7AAC1E9B7A6C00F99CB3 /* Main.storyboard */; };
		369B7AB01E9B7A6C00F99CB3 /* Assets.xcassets in Resources */ = {isa = PBXBuildFile; fileRef = 369B7AAF1E9B7A6C00F99CB3 /* Assets.xcassets */; };
		369B7AB31E9B7A6C00F99CB3 /* LaunchScreen.storyboard in Resources */ = {isa = PBXBuildFile; fileRef = 369B7AB11E9B7A6C00F99CB3 /* LaunchScreen.storyboard */; };
		36A8269925231472001F2E00 /* TestVCExtensionController.m in Sources */ = {isa = PBXBuildFile; fileRef = 36A8269725231472001F2E00 /* TestVCExtensionController.m */; };
		36A8269A25231472001F2E00 /* TestVCExtensionController.xib in Resources */ = {isa = PBXBuildFile; fileRef = 36A8269825231472001F2E00 /* TestVCExtensionController.xib */; };
		36A8269F252314F1001F2E00 /* TestVCExtensionController2.m in Sources */ = {isa = PBXBuildFile; fileRef = 36A8269D252314F1001F2E00 /* TestVCExtensionController2.m */; };
		36A826A0252314F1001F2E00 /* TestVCExtensionController2.xib in Resources */ = {isa = PBXBuildFile; fileRef = 36A8269E252314F1001F2E00 /* TestVCExtensionController2.xib */; };
		36C2F09C25393F0B00FA4A06 /* TestNSArrayExtensionController.m in Sources */ = {isa = PBXBuildFile; fileRef = 36C2F09A25393F0B00FA4A06 /* TestNSArrayExtensionController.m */; };
		36C2F09D25393F0B00FA4A06 /* TestNSArrayExtensionController.xib in Resources */ = {isa = PBXBuildFile; fileRef = 36C2F09B25393F0B00FA4A06 /* TestNSArrayExtensionController.xib */; };
		36C67B61241A67F8009FADCC /* EmojiTestViewController.m in Sources */ = {isa = PBXBuildFile; fileRef = 36C67B5F241A67F8009FADCC /* EmojiTestViewController.m */; };
		36C67B62241A67F8009FADCC /* EmojiTestViewController.xib in Resources */ = {isa = PBXBuildFile; fileRef = 36C67B60241A67F8009FADCC /* EmojiTestViewController.xib */; };
		36E4874E24342B1E0051A659 /* BorderStyleTestViewController.m in Sources */ = {isa = PBXBuildFile; fileRef = 36E4874C24342B1E0051A659 /* BorderStyleTestViewController.m */; };
		36E4874F24342B1E0051A659 /* BorderStyleTestViewController.xib in Resources */ = {isa = PBXBuildFile; fileRef = 36E4874D24342B1E0051A659 /* BorderStyleTestViewController.xib */; };
		36F1436D2297C41C00408E60 /* PhotoLibraryAuthorizationViewController.m in Sources */ = {isa = PBXBuildFile; fileRef = 36F1436C2297C41C00408E60 /* PhotoLibraryAuthorizationViewController.m */; };
		36F143702297C8C800408E60 /* SpeechRecognizerAuthorizationViewController.m in Sources */ = {isa = PBXBuildFile; fileRef = 36F1436F2297C8C800408E60 /* SpeechRecognizerAuthorizationViewController.m */; };
		36F143732297CDA100408E60 /* MicrophoneAuthorizationViewController.m in Sources */ = {isa = PBXBuildFile; fileRef = 36F143722297CDA100408E60 /* MicrophoneAuthorizationViewController.m */; };
		36F143792297D10D00408E60 /* CameraAuthorizationViewController.m in Sources */ = {isa = PBXBuildFile; fileRef = 36F143782297D10D00408E60 /* CameraAuthorizationViewController.m */; };
		36F7A72B2521807400DF14D4 /* SWSafeServerResponseTestVC.m in Sources */ = {isa = PBXBuildFile; fileRef = 36F7A72A2521807400DF14D4 /* SWSafeServerResponseTestVC.m */; };
/* End PBXBuildFile section */

/* Begin PBXFileReference section */
		36071C3C239662C700E46076 /* SingletonTestViewController.h */ = {isa = PBXFileReference; lastKnownFileType = sourcecode.c.h; path = SingletonTestViewController.h; sourceTree = "<group>"; };
		36071C3D239662C700E46076 /* SingletonTestViewController.m */ = {isa = PBXFileReference; lastKnownFileType = sourcecode.c.objc; path = SingletonTestViewController.m; sourceTree = "<group>"; };
		36071C40239662EC00E46076 /* MyUtil.h */ = {isa = PBXFileReference; lastKnownFileType = sourcecode.c.h; path = MyUtil.h; sourceTree = "<group>"; };
		36071C41239662EC00E46076 /* MyUtil.m */ = {isa = PBXFileReference; lastKnownFileType = sourcecode.c.objc; path = MyUtil.m; sourceTree = "<group>"; };
		364FF88C20C6782600677C0A /* ArrayAndDictionaryChineseOutputController.h */ = {isa = PBXFileReference; lastKnownFileType = sourcecode.c.h; path = ArrayAndDictionaryChineseOutputController.h; sourceTree = "<group>"; };
		364FF88D20C6782600677C0A /* ArrayAndDictionaryChineseOutputController.m */ = {isa = PBXFileReference; lastKnownFileType = sourcecode.c.objc; path = ArrayAndDictionaryChineseOutputController.m; sourceTree = "<group>"; };
		3657F1BC20C521A2006492FD /* MainTableViewController.h */ = {isa = PBXFileReference; lastKnownFileType = sourcecode.c.h; path = MainTableViewController.h; sourceTree = "<group>"; };
		3657F1BD20C521A2006492FD /* MainTableViewController.m */ = {isa = PBXFileReference; lastKnownFileType = sourcecode.c.objc; path = MainTableViewController.m; sourceTree = "<group>"; };
		3657F1C420C52C8F006492FD /* ImagePickerController.h */ = {isa = PBXFileReference; lastKnownFileType = sourcecode.c.h; path = ImagePickerController.h; sourceTree = "<group>"; };
		3657F1C520C52C8F006492FD /* ImagePickerController.m */ = {isa = PBXFileReference; lastKnownFileType = sourcecode.c.objc; path = ImagePickerController.m; sourceTree = "<group>"; };
		3657F1C720C52D00006492FD /* ImagePickerController.xib */ = {isa = PBXFileReference; lastKnownFileType = file.xib; path = ImagePickerController.xib; sourceTree = "<group>"; };
		369B7AA01E9B7A6C00F99CB3 /* SWExtension.app */ = {isa = PBXFileReference; explicitFileType = wrapper.application; includeInIndex = 0; path = SWExtension.app; sourceTree = BUILT_PRODUCTS_DIR; };
		369B7AA41E9B7A6C00F99CB3 /* main.m */ = {isa = PBXFileReference; lastKnownFileType = sourcecode.c.objc; path = main.m; sourceTree = "<group>"; };
		369B7AA61E9B7A6C00F99CB3 /* AppDelegate.h */ = {isa = PBXFileReference; lastKnownFileType = sourcecode.c.h; path = AppDelegate.h; sourceTree = "<group>"; };
		369B7AA71E9B7A6C00F99CB3 /* AppDelegate.m */ = {isa = PBXFileReference; lastKnownFileType = sourcecode.c.objc; path = AppDelegate.m; sourceTree = "<group>"; };
		369B7AAD1E9B7A6C00F99CB3 /* Base */ = {isa = PBXFileReference; lastKnownFileType = file.storyboard; name = Base; path = Base.lproj/Main.storyboard; sourceTree = "<group>"; };
		369B7AAF1E9B7A6C00F99CB3 /* Assets.xcassets */ = {isa = PBXFileReference; lastKnownFileType = folder.assetcatalog; path = Assets.xcassets; sourceTree = "<group>"; };
		369B7AB21E9B7A6C00F99CB3 /* Base */ = {isa = PBXFileReference; lastKnownFileType = file.storyboard; name = Base; path = Base.lproj/LaunchScreen.storyboard; sourceTree = "<group>"; };
		369B7AB41E9B7A6C00F99CB3 /* Info.plist */ = {isa = PBXFileReference; lastKnownFileType = text.plist.xml; path = Info.plist; sourceTree = "<group>"; };
		36A8269625231472001F2E00 /* TestVCExtensionController.h */ = {isa = PBXFileReference; lastKnownFileType = sourcecode.c.h; path = TestVCExtensionController.h; sourceTree = "<group>"; };
		36A8269725231472001F2E00 /* TestVCExtensionController.m */ = {isa = PBXFileReference; lastKnownFileType = sourcecode.c.objc; path = TestVCExtensionController.m; sourceTree = "<group>"; };
		36A8269825231472001F2E00 /* TestVCExtensionController.xib */ = {isa = PBXFileReference; lastKnownFileType = file.xib; path = TestVCExtensionController.xib; sourceTree = "<group>"; };
		36A8269C252314F1001F2E00 /* TestVCExtensionController2.h */ = {isa = PBXFileReference; lastKnownFileType = sourcecode.c.h; path = TestVCExtensionController2.h; sourceTree = "<group>"; };
		36A8269D252314F1001F2E00 /* TestVCExtensionController2.m */ = {isa = PBXFileReference; lastKnownFileType = sourcecode.c.objc; path = TestVCExtensionController2.m; sourceTree = "<group>"; };
		36A8269E252314F1001F2E00 /* TestVCExtensionController2.xib */ = {isa = PBXFileReference; lastKnownFileType = file.xib; path = TestVCExtensionController2.xib; sourceTree = "<group>"; };
		36AB4536229BB20A007CA644 /* zh-Hant */ = {isa = PBXFileReference; lastKnownFileType = text.plist.strings; name = "zh-Hant"; path = "zh-Hant.lproj/Main.strings"; sourceTree = "<group>"; };
		36AB4537229BB20A007CA644 /* zh-Hant */ = {isa = PBXFileReference; lastKnownFileType = text.plist.strings; name = "zh-Hant"; path = "zh-Hant.lproj/LaunchScreen.strings"; sourceTree = "<group>"; };
		36C2F09925393F0B00FA4A06 /* TestNSArrayExtensionController.h */ = {isa = PBXFileReference; lastKnownFileType = sourcecode.c.h; path = TestNSArrayExtensionController.h; sourceTree = "<group>"; };
		36C2F09A25393F0B00FA4A06 /* TestNSArrayExtensionController.m */ = {isa = PBXFileReference; lastKnownFileType = sourcecode.c.objc; path = TestNSArrayExtensionController.m; sourceTree = "<group>"; };
		36C2F09B25393F0B00FA4A06 /* TestNSArrayExtensionController.xib */ = {isa = PBXFileReference; lastKnownFileType = file.xib; path = TestNSArrayExtensionController.xib; sourceTree = "<group>"; };
		36C67B5E241A67F8009FADCC /* EmojiTestViewController.h */ = {isa = PBXFileReference; lastKnownFileType = sourcecode.c.h; path = EmojiTestViewController.h; sourceTree = "<group>"; };
		36C67B5F241A67F8009FADCC /* EmojiTestViewController.m */ = {isa = PBXFileReference; lastKnownFileType = sourcecode.c.objc; path = EmojiTestViewController.m; sourceTree = "<group>"; };
		36C67B60241A67F8009FADCC /* EmojiTestViewController.xib */ = {isa = PBXFileReference; lastKnownFileType = file.xib; path = EmojiTestViewController.xib; sourceTree = "<group>"; };
		36E4874B24342B1E0051A659 /* BorderStyleTestViewController.h */ = {isa = PBXFileReference; lastKnownFileType = sourcecode.c.h; path = BorderStyleTestViewController.h; sourceTree = "<group>"; };
		36E4874C24342B1E0051A659 /* BorderStyleTestViewController.m */ = {isa = PBXFileReference; lastKnownFileType = sourcecode.c.objc; path = BorderStyleTestViewController.m; sourceTree = "<group>"; };
		36E4874D24342B1E0051A659 /* BorderStyleTestViewController.xib */ = {isa = PBXFileReference; lastKnownFileType = file.xib; path = BorderStyleTestViewController.xib; sourceTree = "<group>"; };
		36F1436B2297C41B00408E60 /* PhotoLibraryAuthorizationViewController.h */ = {isa = PBXFileReference; lastKnownFileType = sourcecode.c.h; path = PhotoLibraryAuthorizationViewController.h; sourceTree = "<group>"; };
		36F1436C2297C41C00408E60 /* PhotoLibraryAuthorizationViewController.m */ = {isa = PBXFileReference; lastKnownFileType = sourcecode.c.objc; path = PhotoLibraryAuthorizationViewController.m; sourceTree = "<group>"; };
		36F1436E2297C8C800408E60 /* SpeechRecognizerAuthorizationViewController.h */ = {isa = PBXFileReference; lastKnownFileType = sourcecode.c.h; path = SpeechRecognizerAuthorizationViewController.h; sourceTree = "<group>"; };
		36F1436F2297C8C800408E60 /* SpeechRecognizerAuthorizationViewController.m */ = {isa = PBXFileReference; lastKnownFileType = sourcecode.c.objc; path = SpeechRecognizerAuthorizationViewController.m; sourceTree = "<group>"; };
		36F143712297CDA100408E60 /* MicrophoneAuthorizationViewController.h */ = {isa = PBXFileReference; lastKnownFileType = sourcecode.c.h; path = MicrophoneAuthorizationViewController.h; sourceTree = "<group>"; };
		36F143722297CDA100408E60 /* MicrophoneAuthorizationViewController.m */ = {isa = PBXFileReference; lastKnownFileType = sourcecode.c.objc; path = MicrophoneAuthorizationViewController.m; sourceTree = "<group>"; };
		36F143772297D10D00408E60 /* CameraAuthorizationViewController.h */ = {isa = PBXFileReference; lastKnownFileType = sourcecode.c.h; path = CameraAuthorizationViewController.h; sourceTree = "<group>"; };
		36F143782297D10D00408E60 /* CameraAuthorizationViewController.m */ = {isa = PBXFileReference; lastKnownFileType = sourcecode.c.objc; path = CameraAuthorizationViewController.m; sourceTree = "<group>"; };
		36F143812297F3FD00408E60 /* zh-Hans */ = {isa = PBXFileReference; lastKnownFileType = text.plist.strings; name = "zh-Hans"; path = "zh-Hans.lproj/Main.strings"; sourceTree = "<group>"; };
		36F143822297F3FD00408E60 /* zh-Hans */ = {isa = PBXFileReference; lastKnownFileType = text.plist.strings; name = "zh-Hans"; path = "zh-Hans.lproj/LaunchScreen.strings"; sourceTree = "<group>"; };
		36F7A7292521807400DF14D4 /* SWSafeServerResponseTestVC.h */ = {isa = PBXFileReference; lastKnownFileType = sourcecode.c.h; path = SWSafeServerResponseTestVC.h; sourceTree = "<group>"; };
		36F7A72A2521807400DF14D4 /* SWSafeServerResponseTestVC.m */ = {isa = PBXFileReference; lastKnownFileType = sourcecode.c.objc; path = SWSafeServerResponseTestVC.m; sourceTree = "<group>"; };
		5EE19804DAD5498F292A0FA0 /* libPods-SWExtension.a */ = {isa = PBXFileReference; explicitFileType = archive.ar; includeInIndex = 0; path = "libPods-SWExtension.a"; sourceTree = BUILT_PRODUCTS_DIR; };
		B07D1440579FE0C70CD38447 /* Pods-SWExtension.debug.xcconfig */ = {isa = PBXFileReference; includeInIndex = 1; lastKnownFileType = text.xcconfig; name = "Pods-SWExtension.debug.xcconfig"; path = "Pods/Target Support Files/Pods-SWExtension/Pods-SWExtension.debug.xcconfig"; sourceTree = "<group>"; };
		C896F51E9648F40135965C46 /* Pods-SWExtension.release.xcconfig */ = {isa = PBXFileReference; includeInIndex = 1; lastKnownFileType = text.xcconfig; name = "Pods-SWExtension.release.xcconfig"; path = "Pods/Target Support Files/Pods-SWExtension/Pods-SWExtension.release.xcconfig"; sourceTree = "<group>"; };
/* End PBXFileReference section */

/* Begin PBXFrameworksBuildPhase section */
		369B7A9D1E9B7A6C00F99CB3 /* Frameworks */ = {
			isa = PBXFrameworksBuildPhase;
			buildActionMask = 2147483647;
			files = (
				24077A7031FD7AD0902F6478 /* libPods-SWExtension.a in Frameworks */,
			);
			runOnlyForDeploymentPostprocessing = 0;
		};
/* End PBXFrameworksBuildPhase section */

/* Begin PBXGroup section */
		36071C3F239662DE00E46076 /* Model */ = {
			isa = PBXGroup;
			children = (
				36071C40239662EC00E46076 /* MyUtil.h */,
				36071C41239662EC00E46076 /* MyUtil.m */,
			);
			name = Model;
			sourceTree = "<group>";
		};
		3657F1CE20C52F3C006492FD /* ViewContollers */ = {
			isa = PBXGroup;
			children = (
				3657F1C420C52C8F006492FD /* ImagePickerController.h */,
				3657F1C520C52C8F006492FD /* ImagePickerController.m */,
				3657F1C720C52D00006492FD /* ImagePickerController.xib */,
				364FF88C20C6782600677C0A /* ArrayAndDictionaryChineseOutputController.h */,
				364FF88D20C6782600677C0A /* ArrayAndDictionaryChineseOutputController.m */,
				36F1436B2297C41B00408E60 /* PhotoLibraryAuthorizationViewController.h */,
				36F1436C2297C41C00408E60 /* PhotoLibraryAuthorizationViewController.m */,
				36F1436E2297C8C800408E60 /* SpeechRecognizerAuthorizationViewController.h */,
				36F1436F2297C8C800408E60 /* SpeechRecognizerAuthorizationViewController.m */,
				36F143712297CDA100408E60 /* MicrophoneAuthorizationViewController.h */,
				36F143722297CDA100408E60 /* MicrophoneAuthorizationViewController.m */,
				36F143772297D10D00408E60 /* CameraAuthorizationViewController.h */,
				36F143782297D10D00408E60 /* CameraAuthorizationViewController.m */,
				36071C3C239662C700E46076 /* SingletonTestViewController.h */,
				36071C3D239662C700E46076 /* SingletonTestViewController.m */,
				36C67B5E241A67F8009FADCC /* EmojiTestViewController.h */,
				36C67B5F241A67F8009FADCC /* EmojiTestViewController.m */,
				36C67B60241A67F8009FADCC /* EmojiTestViewController.xib */,
				36E4874B24342B1E0051A659 /* BorderStyleTestViewController.h */,
				36E4874C24342B1E0051A659 /* BorderStyleTestViewController.m */,
				36E4874D24342B1E0051A659 /* BorderStyleTestViewController.xib */,
				36F7A7292521807400DF14D4 /* SWSafeServerResponseTestVC.h */,
				36F7A72A2521807400DF14D4 /* SWSafeServerResponseTestVC.m */,
				36A8269625231472001F2E00 /* TestVCExtensionController.h */,
				36A8269725231472001F2E00 /* TestVCExtensionController.m */,
				36A8269825231472001F2E00 /* TestVCExtensionController.xib */,
				36A8269C252314F1001F2E00 /* TestVCExtensionController2.h */,
				36A8269D252314F1001F2E00 /* TestVCExtensionController2.m */,
				36A8269E252314F1001F2E00 /* TestVCExtensionController2.xib */,
				36C2F09925393F0B00FA4A06 /* TestNSArrayExtensionController.h */,
				36C2F09A25393F0B00FA4A06 /* TestNSArrayExtensionController.m */,
				36C2F09B25393F0B00FA4A06 /* TestNSArrayExtensionController.xib */,
			);
			name = ViewContollers;
			sourceTree = "<group>";
		};
		369B7A971E9B7A6C00F99CB3 = {
			isa = PBXGroup;
			children = (
				369B7AA21E9B7A6C00F99CB3 /* SWExtension */,
				369B7AA11E9B7A6C00F99CB3 /* Products */,
				5F167B1AAE7115A21E619893 /* Pods */,
				38F34DE04E6063F7ED992446 /* Frameworks */,
			);
			sourceTree = "<group>";
		};
		369B7AA11E9B7A6C00F99CB3 /* Products */ = {
			isa = PBXGroup;
			children = (
				369B7AA01E9B7A6C00F99CB3 /* SWExtension.app */,
			);
			name = Products;
			sourceTree = "<group>";
		};
		369B7AA21E9B7A6C00F99CB3 /* SWExtension */ = {
			isa = PBXGroup;
			children = (
				369B7AA61E9B7A6C00F99CB3 /* AppDelegate.h */,
				369B7AA71E9B7A6C00F99CB3 /* AppDelegate.m */,
				3657F1BC20C521A2006492FD /* MainTableViewController.h */,
				3657F1BD20C521A2006492FD /* MainTableViewController.m */,
				36071C3F239662DE00E46076 /* Model */,
				3657F1CE20C52F3C006492FD /* ViewContollers */,
				369B7AAC1E9B7A6C00F99CB3 /* Main.storyboard */,
				369B7AAF1E9B7A6C00F99CB3 /* Assets.xcassets */,
				369B7AB11E9B7A6C00F99CB3 /* LaunchScreen.storyboard */,
				369B7AB41E9B7A6C00F99CB3 /* Info.plist */,
				369B7AA31E9B7A6C00F99CB3 /* Supporting Files */,
			);
			path = SWExtension;
			sourceTree = "<group>";
		};
		369B7AA31E9B7A6C00F99CB3 /* Supporting Files */ = {
			isa = PBXGroup;
			children = (
				369B7AA41E9B7A6C00F99CB3 /* main.m */,
			);
			name = "Supporting Files";
			sourceTree = "<group>";
		};
		38F34DE04E6063F7ED992446 /* Frameworks */ = {
			isa = PBXGroup;
			children = (
				5EE19804DAD5498F292A0FA0 /* libPods-SWExtension.a */,
			);
			name = Frameworks;
			sourceTree = "<group>";
		};
		5F167B1AAE7115A21E619893 /* Pods */ = {
			isa = PBXGroup;
			children = (
				B07D1440579FE0C70CD38447 /* Pods-SWExtension.debug.xcconfig */,
				C896F51E9648F40135965C46 /* Pods-SWExtension.release.xcconfig */,
			);
			name = Pods;
			sourceTree = "<group>";
		};
/* End PBXGroup section */

/* Begin PBXNativeTarget section */
		369B7A9F1E9B7A6C00F99CB3 /* SWExtension */ = {
			isa = PBXNativeTarget;
			buildConfigurationList = 369B7AB71E9B7A6C00F99CB3 /* Build configuration list for PBXNativeTarget "SWExtension" */;
			buildPhases = (
				42B4256E54BA58F91BDCD01A /* [CP] Check Pods Manifest.lock */,
				369B7A9C1E9B7A6C00F99CB3 /* Sources */,
				369B7A9D1E9B7A6C00F99CB3 /* Frameworks */,
				369B7A9E1E9B7A6C00F99CB3 /* Resources */,
				3ABE60E115A82DE5DAEB95BB /* [CP] Copy Pods Resources */,
			);
			buildRules = (
			);
			dependencies = (
			);
			name = SWExtension;
			productName = SWExtension;
			productReference = 369B7AA01E9B7A6C00F99CB3 /* SWExtension.app */;
			productType = "com.apple.product-type.application";
		};
/* End PBXNativeTarget section */

/* Begin PBXProject section */
		369B7A981E9B7A6C00F99CB3 /* Project object */ = {
			isa = PBXProject;
			attributes = {
				CLASSPREFIX = SW;
				LastUpgradeCheck = 1200;
				ORGANIZATIONNAME = yidu;
				TargetAttributes = {
					369B7A9F1E9B7A6C00F99CB3 = {
						CreatedOnToolsVersion = 8.3.1;
						DevelopmentTeam = XGFBK8EPZK;
						ProvisioningStyle = Automatic;
					};
				};
			};
			buildConfigurationList = 369B7A9B1E9B7A6C00F99CB3 /* Build configuration list for PBXProject "SWExtension" */;
			compatibilityVersion = "Xcode 3.2";
			developmentRegion = English;
			hasScannedForEncodings = 0;
			knownRegions = (
				English,
				en,
				Base,
				"zh-Hans",
				"zh-Hant",
			);
			mainGroup = 369B7A971E9B7A6C00F99CB3;
			productRefGroup = 369B7AA11E9B7A6C00F99CB3 /* Products */;
			projectDirPath = "";
			projectRoot = "";
			targets = (
				369B7A9F1E9B7A6C00F99CB3 /* SWExtension */,
			);
		};
/* End PBXProject section */

/* Begin PBXResourcesBuildPhase section */
		369B7A9E1E9B7A6C00F99CB3 /* Resources */ = {
			isa = PBXResourcesBuildPhase;
			buildActionMask = 2147483647;
			files = (
				36E4874F24342B1E0051A659 /* BorderStyleTestViewController.xib in Resources */,
				3657F1C820C52D00006492FD /* ImagePickerController.xib in Resources */,
				36A8269A25231472001F2E00 /* TestVCExtensionController.xib in Resources */,
				36A826A0252314F1001F2E00 /* TestVCExtensionController2.xib in Resources */,
				369B7AB31E9B7A6C00F99CB3 /* LaunchScreen.storyboard in Resources */,
				36C67B62241A67F8009FADCC /* EmojiTestViewController.xib in Resources */,
				369B7AB01E9B7A6C00F99CB3 /* Assets.xcassets in Resources */,
				369B7AAE1E9B7A6C00F99CB3 /* Main.storyboard in Resources */,
				36C2F09D25393F0B00FA4A06 /* TestNSArrayExtensionController.xib in Resources */,
			);
			runOnlyForDeploymentPostprocessing = 0;
		};
/* End PBXResourcesBuildPhase section */

/* Begin PBXShellScriptBuildPhase section */
		3ABE60E115A82DE5DAEB95BB /* [CP] Copy Pods Resources */ = {
			isa = PBXShellScriptBuildPhase;
			buildActionMask = 2147483647;
			files = (
			);
			inputPaths = (
				"${PODS_ROOT}/Target Support Files/Pods-SWExtension/Pods-SWExtension-resources.sh",
				"${PODS_ROOT}/../SWExtension/SWExtension/Authorization/Camera/SWCameraAuthorization.bundle",
				"${PODS_ROOT}/../SWExtension/SWExtension/Authorization/Microphone/SWMicrophoneAuthorization.bundle",
				"${PODS_ROOT}/../SWExtension/SWExtension/Authorization/PhotoLibrary/SWPhotoLibraryAuthorization.bundle",
				"${PODS_ROOT}/../SWExtension/SWExtension/Authorization/SpeechRecognizer/SWSpeechRecognizerAuthorization.bundle",
			);
			name = "[CP] Copy Pods Resources";
			outputPaths = (
				"${TARGET_BUILD_DIR}/${UNLOCALIZED_RESOURCES_FOLDER_PATH}/SWCameraAuthorization.bundle",
				"${TARGET_BUILD_DIR}/${UNLOCALIZED_RESOURCES_FOLDER_PATH}/SWMicrophoneAuthorization.bundle",
				"${TARGET_BUILD_DIR}/${UNLOCALIZED_RESOURCES_FOLDER_PATH}/SWPhotoLibraryAuthorization.bundle",
				"${TARGET_BUILD_DIR}/${UNLOCALIZED_RESOURCES_FOLDER_PATH}/SWSpeechRecognizerAuthorization.bundle",
			);
			runOnlyForDeploymentPostprocessing = 0;
			shellPath = /bin/sh;
			shellScript = "\"${PODS_ROOT}/Target Support Files/Pods-SWExtension/Pods-SWExtension-resources.sh\"\n";
			showEnvVarsInLog = 0;
		};
		42B4256E54BA58F91BDCD01A /* [CP] Check Pods Manifest.lock */ = {
			isa = PBXShellScriptBuildPhase;
			buildActionMask = 2147483647;
			files = (
			);
			inputPaths = (
				"${PODS_PODFILE_DIR_PATH}/Podfile.lock",
				"${PODS_ROOT}/Manifest.lock",
			);
			name = "[CP] Check Pods Manifest.lock";
			outputPaths = (
				"$(DERIVED_FILE_DIR)/Pods-SWExtension-checkManifestLockResult.txt",
			);
			runOnlyForDeploymentPostprocessing = 0;
			shellPath = /bin/sh;
			shellScript = "diff \"${PODS_PODFILE_DIR_PATH}/Podfile.lock\" \"${PODS_ROOT}/Manifest.lock\" > /dev/null\nif [ $? != 0 ] ; then\n    # print error to STDERR\n    echo \"error: The sandbox is not in sync with the Podfile.lock. Run 'pod install' or update your CocoaPods installation.\" >&2\n    exit 1\nfi\n# This output is used by Xcode 'outputs' to avoid re-running this script phase.\necho \"SUCCESS\" > \"${SCRIPT_OUTPUT_FILE_0}\"\n";
			showEnvVarsInLog = 0;
		};
/* End PBXShellScriptBuildPhase section */

/* Begin PBXSourcesBuildPhase section */
		369B7A9C1E9B7A6C00F99CB3 /* Sources */ = {
			isa = PBXSourcesBuildPhase;
			buildActionMask = 2147483647;
			files = (
				369B7AA81E9B7A6C00F99CB3 /* AppDelegate.m in Sources */,
				36F7A72B2521807400DF14D4 /* SWSafeServerResponseTestVC.m in Sources */,
				364FF88E20C6782600677C0A /* ArrayAndDictionaryChineseOutputController.m in Sources */,
				36A8269F252314F1001F2E00 /* TestVCExtensionController2.m in Sources */,
				36071C42239662EC00E46076 /* MyUtil.m in Sources */,
				3657F1C620C52C8F006492FD /* ImagePickerController.m in Sources */,
				36F1436D2297C41C00408E60 /* PhotoLibraryAuthorizationViewController.m in Sources */,
				36071C3E239662C700E46076 /* SingletonTestViewController.m in Sources */,
				36C2F09C25393F0B00FA4A06 /* TestNSArrayExtensionController.m in Sources */,
				3657F1BE20C521A2006492FD /* MainTableViewController.m in Sources */,
				36C67B61241A67F8009FADCC /* EmojiTestViewController.m in Sources */,
				36F143792297D10D00408E60 /* CameraAuthorizationViewController.m in Sources */,
				369B7AA51E9B7A6C00F99CB3 /* main.m in Sources */,
				36A8269925231472001F2E00 /* TestVCExtensionController.m in Sources */,
				36F143732297CDA100408E60 /* MicrophoneAuthorizationViewController.m in Sources */,
				36E4874E24342B1E0051A659 /* BorderStyleTestViewController.m in Sources */,
				36F143702297C8C800408E60 /* SpeechRecognizerAuthorizationViewController.m in Sources */,
			);
			runOnlyForDeploymentPostprocessing = 0;
		};
/* End PBXSourcesBuildPhase section */

/* Begin PBXVariantGroup section */
		369B7AAC1E9B7A6C00F99CB3 /* Main.storyboard */ = {
			isa = PBXVariantGroup;
			children = (
				369B7AAD1E9B7A6C00F99CB3 /* Base */,
				36F143812297F3FD00408E60 /* zh-Hans */,
				36AB4536229BB20A007CA644 /* zh-Hant */,
			);
			name = Main.storyboard;
			sourceTree = "<group>";
		};
		369B7AB11E9B7A6C00F99CB3 /* LaunchScreen.storyboard */ = {
			isa = PBXVariantGroup;
			children = (
				369B7AB21E9B7A6C00F99CB3 /* Base */,
				36F143822297F3FD00408E60 /* zh-Hans */,
				36AB4537229BB20A007CA644 /* zh-Hant */,
			);
			name = LaunchScreen.storyboard;
			sourceTree = "<group>";
		};
/* End PBXVariantGroup section */

/* Begin XCBuildConfiguration section */
		369B7AB51E9B7A6C00F99CB3 /* Debug */ = {
			isa = XCBuildConfiguration;
			buildSettings = {
				ALWAYS_SEARCH_USER_PATHS = NO;
				CLANG_ANALYZER_LOCALIZABILITY_NONLOCALIZED = YES;
				CLANG_ANALYZER_NONNULL = YES;
				CLANG_ANALYZER_NUMBER_OBJECT_CONVERSION = YES_AGGRESSIVE;
				CLANG_CXX_LANGUAGE_STANDARD = "gnu++0x";
				CLANG_CXX_LIBRARY = "libc++";
				CLANG_ENABLE_MODULES = YES;
				CLANG_ENABLE_OBJC_ARC = YES;
				CLANG_WARN_BLOCK_CAPTURE_AUTORELEASING = YES;
				CLANG_WARN_BOOL_CONVERSION = YES;
				CLANG_WARN_COMMA = YES;
				CLANG_WARN_CONSTANT_CONVERSION = YES;
				CLANG_WARN_DEPRECATED_OBJC_IMPLEMENTATIONS = YES;
				CLANG_WARN_DIRECT_OBJC_ISA_USAGE = YES_ERROR;
				CLANG_WARN_DOCUMENTATION_COMMENTS = YES;
				CLANG_WARN_EMPTY_BODY = YES;
				CLANG_WARN_ENUM_CONVERSION = YES;
				CLANG_WARN_INFINITE_RECURSION = YES;
				CLANG_WARN_INT_CONVERSION = YES;
				CLANG_WARN_NON_LITERAL_NULL_CONVERSION = YES;
				CLANG_WARN_OBJC_IMPLICIT_RETAIN_SELF = YES;
				CLANG_WARN_OBJC_LITERAL_CONVERSION = YES;
				CLANG_WARN_OBJC_ROOT_CLASS = YES_ERROR;
				CLANG_WARN_QUOTED_INCLUDE_IN_FRAMEWORK_HEADER = YES;
				CLANG_WARN_RANGE_LOOP_ANALYSIS = YES;
				CLANG_WARN_STRICT_PROTOTYPES = YES;
				CLANG_WARN_SUSPICIOUS_MOVE = YES;
				CLANG_WARN_UNREACHABLE_CODE = YES;
				CLANG_WARN__DUPLICATE_METHOD_MATCH = YES;
				"CODE_SIGN_IDENTITY[sdk=iphoneos*]" = "iPhone Developer";
				COPY_PHASE_STRIP = NO;
				DEBUG_INFORMATION_FORMAT = dwarf;
				ENABLE_STRICT_OBJC_MSGSEND = YES;
				ENABLE_TESTABILITY = YES;
				GCC_C_LANGUAGE_STANDARD = gnu99;
				GCC_DYNAMIC_NO_PIC = NO;
				GCC_NO_COMMON_BLOCKS = YES;
				GCC_OPTIMIZATION_LEVEL = 0;
				GCC_PREPROCESSOR_DEFINITIONS = (
					"DEBUG=1",
					"$(inherited)",
				);
				GCC_WARN_64_TO_32_BIT_CONVERSION = YES;
				GCC_WARN_ABOUT_RETURN_TYPE = YES_ERROR;
				GCC_WARN_UNDECLARED_SELECTOR = YES;
				GCC_WARN_UNINITIALIZED_AUTOS = YES_AGGRESSIVE;
				GCC_WARN_UNUSED_FUNCTION = YES;
				GCC_WARN_UNUSED_VARIABLE = YES;
				IPHONEOS_DEPLOYMENT_TARGET = 14.0;
				MTL_ENABLE_DEBUG_INFO = YES;
				ONLY_ACTIVE_ARCH = YES;
				SDKROOT = iphoneos;
			};
			name = Debug;
		};
		369B7AB61E9B7A6C00F99CB3 /* Release */ = {
			isa = XCBuildConfiguration;
			buildSettings = {
				ALWAYS_SEARCH_USER_PATHS = NO;
				CLANG_ANALYZER_LOCALIZABILITY_NONLOCALIZED = YES;
				CLANG_ANALYZER_NONNULL = YES;
				CLANG_ANALYZER_NUMBER_OBJECT_CONVERSION = YES_AGGRESSIVE;
				CLANG_CXX_LANGUAGE_STANDARD = "gnu++0x";
				CLANG_CXX_LIBRARY = "libc++";
				CLANG_ENABLE_MODULES = YES;
				CLANG_ENABLE_OBJC_ARC = YES;
				CLANG_WARN_BLOCK_CAPTURE_AUTORELEASING = YES;
				CLANG_WARN_BOOL_CONVERSION = YES;
				CLANG_WARN_COMMA = YES;
				CLANG_WARN_CONSTANT_CONVERSION = YES;
				CLANG_WARN_DEPRECATED_OBJC_IMPLEMENTATIONS = YES;
				CLANG_WARN_DIRECT_OBJC_ISA_USAGE = YES_ERROR;
				CLANG_WARN_DOCUMENTATION_COMMENTS = YES;
				CLANG_WARN_EMPTY_BODY = YES;
				CLANG_WARN_ENUM_CONVERSION = YES;
				CLANG_WARN_INFINITE_RECURSION = YES;
				CLANG_WARN_INT_CONVERSION = YES;
				CLANG_WARN_NON_LITERAL_NULL_CONVERSION = YES;
				CLANG_WARN_OBJC_IMPLICIT_RETAIN_SELF = YES;
				CLANG_WARN_OBJC_LITERAL_CONVERSION = YES;
				CLANG_WARN_OBJC_ROOT_CLASS = YES_ERROR;
				CLANG_WARN_QUOTED_INCLUDE_IN_FRAMEWORK_HEADER = YES;
				CLANG_WARN_RANGE_LOOP_ANALYSIS = YES;
				CLANG_WARN_STRICT_PROTOTYPES = YES;
				CLANG_WARN_SUSPICIOUS_MOVE = YES;
				CLANG_WARN_UNREACHABLE_CODE = YES;
				CLANG_WARN__DUPLICATE_METHOD_MATCH = YES;
				"CODE_SIGN_IDENTITY[sdk=iphoneos*]" = "iPhone Developer";
				COPY_PHASE_STRIP = NO;
				DEBUG_INFORMATION_FORMAT = "dwarf-with-dsym";
				ENABLE_NS_ASSERTIONS = NO;
				ENABLE_STRICT_OBJC_MSGSEND = YES;
				GCC_C_LANGUAGE_STANDARD = gnu99;
				GCC_NO_COMMON_BLOCKS = YES;
				GCC_WARN_64_TO_32_BIT_CONVERSION = YES;
				GCC_WARN_ABOUT_RETURN_TYPE = YES_ERROR;
				GCC_WARN_UNDECLARED_SELECTOR = YES;
				GCC_WARN_UNINITIALIZED_AUTOS = YES_AGGRESSIVE;
				GCC_WARN_UNUSED_FUNCTION = YES;
				GCC_WARN_UNUSED_VARIABLE = YES;
				IPHONEOS_DEPLOYMENT_TARGET = 14.0;
				MTL_ENABLE_DEBUG_INFO = NO;
				SDKROOT = iphoneos;
				VALIDATE_PRODUCT = YES;
			};
			name = Release;
		};
		369B7AB81E9B7A6C00F99CB3 /* Debug */ = {
			isa = XCBuildConfiguration;
			baseConfigurationReference = B07D1440579FE0C70CD38447 /* Pods-SWExtension.debug.xcconfig */;
			buildSettings = {
				ASSETCATALOG_COMPILER_APPICON_NAME = AppIcon;
				DEVELOPMENT_TEAM = XGFBK8EPZK;
				EXCLUDED_ARCHS = "";
				INFOPLIST_FILE = SWExtension/Info.plist;
				IPHONEOS_DEPLOYMENT_TARGET = 9.0;
				LD_RUNPATH_SEARCH_PATHS = "$(inherited) @executable_path/Frameworks";
				PRODUCT_BUNDLE_IDENTIFIER = com.SWExtension;
				PRODUCT_NAME = "$(TARGET_NAME)";
			};
			name = Debug;
		};
		369B7AB91E9B7A6C00F99CB3 /* Release */ = {
			isa = XCBuildConfiguration;
			baseConfigurationReference = C896F51E9648F40135965C46 /* Pods-SWExtension.release.xcconfig */;
			buildSettings = {
				ASSETCATALOG_COMPILER_APPICON_NAME = AppIcon;
				DEVELOPMENT_TEAM = XGFBK8EPZK;
				EXCLUDED_ARCHS = "";
				INFOPLIST_FILE = SWExtension/Info.plist;
				IPHONEOS_DEPLOYMENT_TARGET = 9.0;
				LD_RUNPATH_SEARCH_PATHS = "$(inherited) @executable_path/Frameworks";
				PRODUCT_BUNDLE_IDENTIFIER = com.SWExtension;
				PRODUCT_NAME = "$(TARGET_NAME)";
			};
			name = Release;
		};
/* End XCBuildConfiguration section */

/* Begin XCConfigurationList section */
		369B7A9B1E9B7A6C00F99CB3 /* Build configuration list for PBXProject "SWExtension" */ = {
			isa = XCConfigurationList;
			buildConfigurations = (
				369B7AB51E9B7A6C00F99CB3 /* Debug */,
				369B7AB61E9B7A6C00F99CB3 /* Release */,
			);
			defaultConfigurationIsVisible = 0;
			defaultConfigurationName = Release;
		};
		369B7AB71E9B7A6C00F99CB3 /* Build configuration list for PBXNativeTarget "SWExtension" */ = {
			isa = XCConfigurationList;
			buildConfigurations = (
				369B7AB81E9B7A6C00F99CB3 /* Debug */,
				369B7AB91E9B7A6C00F99CB3 /* Release */,
			);
			defaultConfigurationIsVisible = 0;
			defaultConfigurationName = Release;
		};
/* End XCConfigurationList section */
	};
	rootObject = 369B7A981E9B7A6C00F99CB3 /* Project object */;
}
